
Microsoft Visual Studio Solution File, Format Version 12.00
# Visual Studio Version 17
VisualStudioVersion = 17.0.31612.314
MinimumVisualStudioVersion = 10.0.40219.1
Project("{F184B08F-C81C-45F6-A57F-5ABD9991F28F}") = "System Information Desa", "System Information Desa\System Information Desa.vbproj", "{FDA4F4B9-816B-488F-A08F-9494119A82FD}"
EndProject
Global
	GlobalSection(SolutionConfigurationPlatforms) = preSolution
		Debug|Any CPU = Debug|Any CPU
		Release|Any CPU = Release|Any CPU
	EndGlobalSection
	GlobalSection(ProjectConfigurationPlatforms) = postSolution
		{FDA4F4B9-816B-488F-A08F-9494119A82FD}.Debug|Any CPU.ActiveCfg = Debug|Any CPU
		{FDA4F4B9-816B-488F-A08F-9494119A82FD}.Debug|Any CPU.Build.0 = Debug|Any CPU
		{FDA4F4B9-816B-488F-A08F-9494119A82FD}.Release|Any CPU.ActiveCfg = Release|Any CPU
		{FDA4F4B9-816B-488F-A08F-9494119A82FD}.Release|Any CPU.Build.0 = Release|Any CPU
	EndGlobalSection
	GlobalSection(SolutionProperties) = preSolution
		HideSolutionNode = FALSE
	EndGlobalSection
	GlobalSection(ExtensibilityGlobals) = postSolution
		SolutionGuid = {A86B6EBB-B134-44E0-96FA-ADE2A024ABB5}
	EndGlobalSection
EndGlobal
